{
  "requires": true,
  "lockfileVersion": 1,
  "dependencies": {
    "types-registry": {
      "version": "0.1.701",
      "resolved": "https://registry.npmjs.org/types-registry/-/types-registry-0.1.701.tgz",
      "integrity": "sha512-risiPg6ANtMZvHX6Idly8H2EM72d8tsQSVtgjRis6GY2RTHivZuMXzet0ML+I7gm5TTu/Tz45N1VG2gBnoxDgw=="
    }
  }
}
